// !$*UTF8*$!
{
	archiveVersion = 1;
	classes = {
	};
	objectVersion = 46;
	objects = {

/* Begin PBXBuildFile section */
		AB25BA352017647700D59347 /* main.m in Sources */ = {isa = PBXBuildFile; fileRef = AB25BA342017647700D59347 /* main.m */; };
		AB25BA382017647700D59347 /* AppDelegate.m in Sources */ = {isa = PBXBuildFile; fileRef = AB25BA372017647700D59347 /* AppDelegate.m */; };
		AB25BA3B2017647700D59347 /* ViewController.m in Sources */ = {isa = PBXBuildFile; fileRef = AB25BA3A2017647700D59347 /* ViewController.m */; };
		AB25BA3E2017647700D59347 /* Main.storyboard in Resources */ = {isa = PBXBuildFile; fileRef = AB25BA3C2017647700D59347 /* Main.storyboard */; };
		AB25BA412017647700D59347 /* WeatherApp.xcdatamodeld in Sources */ = {isa = PBXBuildFile; fileRef = AB25BA3F2017647700D59347 /* WeatherApp.xcdatamodeld */; };
		AB25BA432017647700D59347 /* Assets.xcassets in Resources */ = {isa = PBXBuildFile; fileRef = AB25BA422017647700D59347 /* Assets.xcassets */; };
		AB25BA462017647700D59347 /* LaunchScreen.storyboard in Resources */ = {isa = PBXBuildFile; fileRef = AB25BA442017647700D59347 /* LaunchScreen.storyboard */; };
		AB25BA502018713D00D59347 /* OpenWeatherMapAPIManager.m in Sources */ = {isa = PBXBuildFile; fileRef = AB25BA4F2018713D00D59347 /* OpenWeatherMapAPIManager.m */; };
		AB25BA572018869400D59347 /* LocationInfo.m in Sources */ = {isa = PBXBuildFile; fileRef = AB25BA562018869400D59347 /* LocationInfo.m */; };
		AB25BA5A2018CF2F00D59347 /* Utils.m in Sources */ = {isa = PBXBuildFile; fileRef = AB25BA592018CF2F00D59347 /* Utils.m */; };
		AB25BA5C201A02B100D59347 /* .gitignore in Resources */ = {isa = PBXBuildFile; fileRef = AB25BA5B201A02B100D59347 /* .gitignore */; };
		AB25BA5E201A034E00D59347 /* Podfile in Resources */ = {isa = PBXBuildFile; fileRef = AB25BA5D201A034E00D59347 /* Podfile */; };
		AB48B0F1201F5EFE00938235 /* SWRevealViewController.m in Sources */ = {isa = PBXBuildFile; fileRef = AB48B0F0201F5EFE00938235 /* SWRevealViewController.m */; };
		AB48B0F4201F677300938235 /* SidebarTableViewController.m in Sources */ = {isa = PBXBuildFile; fileRef = AB48B0F3201F677300938235 /* SidebarTableViewController.m */; };
		AB48B0F82020791E00938235 /* MenuTableViewCell.m in Sources */ = {isa = PBXBuildFile; fileRef = AB48B0F72020791E00938235 /* MenuTableViewCell.m */; };
		FF0E6DFC1A746DA4F8C5CDF3 /* libPods-WeatherApp.a in Frameworks */ = {isa = PBXBuildFile; fileRef = CEEBB954B679B1548DA91682 /* libPods-WeatherApp.a */; };
/* End PBXBuildFile section */

/* Begin PBXFileReference section */
		293432A4B33BFAF36F965C98 /* Pods-WeatherApp.debug.xcconfig */ = {isa = PBXFileReference; includeInIndex = 1; lastKnownFileType = text.xcconfig; name = "Pods-WeatherApp.debug.xcconfig"; path = "Pods/Target Support Files/Pods-WeatherApp/Pods-WeatherApp.debug.xcconfig"; sourceTree = "<group>"; };
		4F08F29D1F5368B1C6999D3B /* Pods-WeatherApp.release.xcconfig */ = {isa = PBXFileReference; includeInIndex = 1; lastKnownFileType = text.xcconfig; name = "Pods-WeatherApp.release.xcconfig"; path = "Pods/Target Support Files/Pods-WeatherApp/Pods-WeatherApp.release.xcconfig"; sourceTree = "<group>"; };
		AB25BA302017647700D59347 /* WeatherApp.app */ = {isa = PBXFileReference; explicitFileType = wrapper.application; includeInIndex = 0; path = WeatherApp.app; sourceTree = BUILT_PRODUCTS_DIR; };
		AB25BA342017647700D59347 /* main.m */ = {isa = PBXFileReference; lastKnownFileType = sourcecode.c.objc; path = main.m; sourceTree = "<group>"; };
		AB25BA362017647700D59347 /* AppDelegate.h */ = {isa = PBXFileReference; lastKnownFileType = sourcecode.c.h; path = AppDelegate.h; sourceTree = "<group>"; };
		AB25BA372017647700D59347 /* AppDelegate.m */ = {isa = PBXFileReference; lastKnownFileType = sourcecode.c.objc; path = AppDelegate.m; sourceTree = "<group>"; };
		AB25BA392017647700D59347 /* ViewController.h */ = {isa = PBXFileReference; lastKnownFileType = sourcecode.c.h; path = ViewController.h; sourceTree = "<group>"; };
		AB25BA3A2017647700D59347 /* ViewController.m */ = {isa = PBXFileReference; lastKnownFileType = sourcecode.c.objc; path = ViewController.m; sourceTree = "<group>"; };
		AB25BA3D2017647700D59347 /* Base */ = {isa = PBXFileReference; lastKnownFileType = file.storyboard; name = Base; path = Base.lproj/Main.storyboard; sourceTree = "<group>"; };
		AB25BA402017647700D59347 /* WeatherApp.xcdatamodel */ = {isa = PBXFileReference; lastKnownFileType = wrapper.xcdatamodel; path = WeatherApp.xcdatamodel; sourceTree = "<group>"; };
		AB25BA422017647700D59347 /* Assets.xcassets */ = {isa = PBXFileReference; lastKnownFileType = folder.assetcatalog; path = Assets.xcassets; sourceTree = "<group>"; };
		AB25BA452017647700D59347 /* Base */ = {isa = PBXFileReference; lastKnownFileType = file.storyboard; name = Base; path = Base.lproj/LaunchScreen.storyboard; sourceTree = "<group>"; };
		AB25BA472017647700D59347 /* Info.plist */ = {isa = PBXFileReference; lastKnownFileType = text.plist.xml; path = Info.plist; sourceTree = "<group>"; };
		AB25BA4E2018713D00D59347 /* OpenWeatherMapAPIManager.h */ = {isa = PBXFileReference; fileEncoding = 4; lastKnownFileType = sourcecode.c.h; path = OpenWeatherMapAPIManager.h; sourceTree = "<group>"; };
		AB25BA4F2018713D00D59347 /* OpenWeatherMapAPIManager.m */ = {isa = PBXFileReference; fileEncoding = 4; lastKnownFileType = sourcecode.c.objc; path = OpenWeatherMapAPIManager.m; sourceTree = "<group>"; };
		AB25BA552018869400D59347 /* LocationInfo.h */ = {isa = PBXFileReference; fileEncoding = 4; lastKnownFileType = sourcecode.c.h; path = LocationInfo.h; sourceTree = "<group>"; };
		AB25BA562018869400D59347 /* LocationInfo.m */ = {isa = PBXFileReference; fileEncoding = 4; lastKnownFileType = sourcecode.c.objc; path = LocationInfo.m; sourceTree = "<group>"; };
		AB25BA582018CF2F00D59347 /* Utils.h */ = {isa = PBXFileReference; fileEncoding = 4; lastKnownFileType = sourcecode.c.h; path = Utils.h; sourceTree = "<group>"; };
		AB25BA592018CF2F00D59347 /* Utils.m */ = {isa = PBXFileReference; fileEncoding = 4; lastKnownFileType = sourcecode.c.objc; path = Utils.m; sourceTree = "<group>"; };
		AB25BA5B201A02B100D59347 /* .gitignore */ = {isa = PBXFileReference; fileEncoding = 4; lastKnownFileType = text; path = .gitignore; sourceTree = "<group>"; };
		AB25BA5D201A034E00D59347 /* Podfile */ = {isa = PBXFileReference; fileEncoding = 4; lastKnownFileType = text; path = Podfile; sourceTree = "<group>"; };
		AB48B0EF201F5EFE00938235 /* SWRevealViewController.h */ = {isa = PBXFileReference; fileEncoding = 4; lastKnownFileType = sourcecode.c.h; path = SWRevealViewController.h; sourceTree = "<group>"; };
		AB48B0F0201F5EFE00938235 /* SWRevealViewController.m */ = {isa = PBXFileReference; fileEncoding = 4; lastKnownFileType = sourcecode.c.objc; path = SWRevealViewController.m; sourceTree = "<group>"; };
		AB48B0F2201F677300938235 /* SidebarTableViewController.h */ = {isa = PBXFileReference; fileEncoding = 4; lastKnownFileType = sourcecode.c.h; path = SidebarTableViewController.h; sourceTree = "<group>"; };
		AB48B0F3201F677300938235 /* SidebarTableViewController.m */ = {isa = PBXFileReference; fileEncoding = 4; lastKnownFileType = sourcecode.c.objc; path = SidebarTableViewController.m; sourceTree = "<group>"; };
		AB48B0F62020791E00938235 /* MenuTableViewCell.h */ = {isa = PBXFileReference; fileEncoding = 4; lastKnownFileType = sourcecode.c.h; path = MenuTableViewCell.h; sourceTree = "<group>"; };
		AB48B0F72020791E00938235 /* MenuTableViewCell.m */ = {isa = PBXFileReference; fileEncoding = 4; lastKnownFileType = sourcecode.c.objc; path = MenuTableViewCell.m; sourceTree = "<group>"; };
		CEEBB954B679B1548DA91682 /* libPods-WeatherApp.a */ = {isa = PBXFileReference; explicitFileType = archive.ar; includeInIndex = 0; path = "libPods-WeatherApp.a"; sourceTree = BUILT_PRODUCTS_DIR; };
/* End PBXFileReference section */

/* Begin PBXFrameworksBuildPhase section */
		AB25BA2D2017647700D59347 /* Frameworks */ = {
			isa = PBXFrameworksBuildPhase;
			buildActionMask = 2147483647;
			files = (
				FF0E6DFC1A746DA4F8C5CDF3 /* libPods-WeatherApp.a in Frameworks */,
			);
			runOnlyForDeploymentPostprocessing = 0;
		};
/* End PBXFrameworksBuildPhase section */

/* Begin PBXGroup section */
		6476377FF049FF74BBF8107E /* Frameworks */ = {
			isa = PBXGroup;
			children = (
				CEEBB954B679B1548DA91682 /* libPods-WeatherApp.a */,
			);
			name = Frameworks;
			sourceTree = "<group>";
		};
		AB25BA272017647600D59347 = {
			isa = PBXGroup;
			children = (
				AB25BA5D201A034E00D59347 /* Podfile */,
				AB25BA5B201A02B100D59347 /* .gitignore */,
				AB25BA322017647700D59347 /* WeatherApp */,
				AB25BA312017647700D59347 /* Products */,
				C67637B574BE3E0DD3ECB310 /* Pods */,
				6476377FF049FF74BBF8107E /* Frameworks */,
			);
			sourceTree = "<group>";
		};
		AB25BA312017647700D59347 /* Products */ = {
			isa = PBXGroup;
			children = (
				AB25BA302017647700D59347 /* WeatherApp.app */,
			);
			name = Products;
			sourceTree = "<group>";
		};
		AB25BA322017647700D59347 /* WeatherApp */ = {
			isa = PBXGroup;
			children = (
				AB48B0EB201F5E8300938235 /* SWRevealViewController */,
				AB25BA60201A0A0100D59347 /* Helpers */,
				AB25BA512018768900D59347 /* Models */,
				AB48B0F5202078BE00938235 /* Views */,
				AB25BA4D201870DB00D59347 /* Services */,
				AB25BA5F201A086400D59347 /* Controllers */,
				AB25BA362017647700D59347 /* AppDelegate.h */,
				AB25BA372017647700D59347 /* AppDelegate.m */,
				AB25BA3C2017647700D59347 /* Main.storyboard */,
				AB25BA422017647700D59347 /* Assets.xcassets */,
				AB25BA442017647700D59347 /* LaunchScreen.storyboard */,
				AB25BA472017647700D59347 /* Info.plist */,
				AB25BA3F2017647700D59347 /* WeatherApp.xcdatamodeld */,
				AB25BA332017647700D59347 /* Supporting Files */,
			);
			path = WeatherApp;
			sourceTree = "<group>";
		};
		AB25BA332017647700D59347 /* Supporting Files */ = {
			isa = PBXGroup;
			children = (
				AB25BA342017647700D59347 /* main.m */,
			);
			name = "Supporting Files";
			sourceTree = "<group>";
		};
		AB25BA4D201870DB00D59347 /* Services */ = {
			isa = PBXGroup;
			children = (
				AB25BA4E2018713D00D59347 /* OpenWeatherMapAPIManager.h */,
				AB25BA4F2018713D00D59347 /* OpenWeatherMapAPIManager.m */,
			);
			path = Services;
			sourceTree = "<group>";
		};
		AB25BA512018768900D59347 /* Models */ = {
			isa = PBXGroup;
			children = (
				AB25BA552018869400D59347 /* LocationInfo.h */,
				AB25BA562018869400D59347 /* LocationInfo.m */,
			);
			path = Models;
			sourceTree = "<group>";
		};
		AB25BA5F201A086400D59347 /* Controllers */ = {
			isa = PBXGroup;
			children = (
				AB25BA392017647700D59347 /* ViewController.h */,
				AB25BA3A2017647700D59347 /* ViewController.m */,
				AB48B0F2201F677300938235 /* SidebarTableViewController.h */,
				AB48B0F3201F677300938235 /* SidebarTableViewController.m */,
			);
			path = Controllers;
			sourceTree = "<group>";
		};
		AB25BA60201A0A0100D59347 /* Helpers */ = {
			isa = PBXGroup;
			children = (
				AB25BA582018CF2F00D59347 /* Utils.h */,
				AB25BA592018CF2F00D59347 /* Utils.m */,
			);
			path = Helpers;
			sourceTree = "<group>";
		};
		AB48B0EB201F5E8300938235 /* SWRevealViewController */ = {
			isa = PBXGroup;
			children = (
				AB48B0EF201F5EFE00938235 /* SWRevealViewController.h */,
				AB48B0F0201F5EFE00938235 /* SWRevealViewController.m */,
			);
			path = SWRevealViewController;
			sourceTree = "<group>";
		};
		AB48B0F5202078BE00938235 /* Views */ = {
			isa = PBXGroup;
			children = (
				AB48B0F62020791E00938235 /* MenuTableViewCell.h */,
				AB48B0F72020791E00938235 /* MenuTableViewCell.m */,
			);
			path = Views;
			sourceTree = "<group>";
		};
		C67637B574BE3E0DD3ECB310 /* Pods */ = {
			isa = PBXGroup;
			children = (
				293432A4B33BFAF36F965C98 /* Pods-WeatherApp.debug.xcconfig */,
				4F08F29D1F5368B1C6999D3B /* Pods-WeatherApp.release.xcconfig */,
			);
			name = Pods;
			sourceTree = "<group>";
		};
/* End PBXGroup section */

/* Begin PBXNativeTarget section */
		AB25BA2F2017647700D59347 /* WeatherApp */ = {
			isa = PBXNativeTarget;
			buildConfigurationList = AB25BA4A2017647700D59347 /* Build configuration list for PBXNativeTarget "WeatherApp" */;
			buildPhases = (
				A9E71C7C59089A6F39BDEB0E /* [CP] Check Pods Manifest.lock */,
				AB25BA2C2017647700D59347 /* Sources */,
				AB25BA2D2017647700D59347 /* Frameworks */,
				AB25BA2E2017647700D59347 /* Resources */,
				972CFDCFA5536A11AADE46D1 /* [CP] Embed Pods Frameworks */,
				124FCC2F3314CA1B01675EA1 /* [CP] Copy Pods Resources */,
			);
			buildRules = (
			);
			dependencies = (
			);
			name = WeatherApp;
			productName = WeatherApp;
			productReference = AB25BA302017647700D59347 /* WeatherApp.app */;
			productType = "com.apple.product-type.application";
		};
/* End PBXNativeTarget section */

/* Begin PBXProject section */
		AB25BA282017647600D59347 /* Project object */ = {
			isa = PBXProject;
			attributes = {
				LastUpgradeCheck = 0830;
				ORGANIZATIONNAME = "Nikita Votyakov";
				TargetAttributes = {
					AB25BA2F2017647700D59347 = {
						CreatedOnToolsVersion = 8.3.3;
						DevelopmentTeam = 42V7DCQUR8;
						ProvisioningStyle = Automatic;
					};
				};
			};
			buildConfigurationList = AB25BA2B2017647600D59347 /* Build configuration list for PBXProject "WeatherApp" */;
			compatibilityVersion = "Xcode 3.2";
			developmentRegion = English;
			hasScannedForEncodings = 0;
			knownRegions = (
				en,
				Base,
			);
			mainGroup = AB25BA272017647600D59347;
			productRefGroup = AB25BA312017647700D59347 /* Products */;
			projectDirPath = "";
			projectRoot = "";
			targets = (
				AB25BA2F2017647700D59347 /* WeatherApp */,
			);
		};
/* End PBXProject section */

/* Begin PBXResourcesBuildPhase section */
		AB25BA2E2017647700D59347 /* Resources */ = {
			isa = PBXResourcesBuildPhase;
			buildActionMask = 2147483647;
			files = (
				AB25BA5E201A034E00D59347 /* Podfile in Resources */,
				AB25BA5C201A02B100D59347 /* .gitignore in Resources */,
				AB25BA462017647700D59347 /* LaunchScreen.storyboard in Resources */,
				AB25BA432017647700D59347 /* Assets.xcassets in Resources */,
				AB25BA3E2017647700D59347 /* Main.storyboard in Resources */,
			);
			runOnlyForDeploymentPostprocessing = 0;
		};
/* End PBXResourcesBuildPhase section */

/* Begin PBXShellScriptBuildPhase section */
		124FCC2F3314CA1B01675EA1 /* [CP] Copy Pods Resources */ = {
			isa = PBXShellScriptBuildPhase;
			buildActionMask = 2147483647;
			files = (
			);
			inputPaths = (
			);
			name = "[CP] Copy Pods Resources";
			outputPaths = (
			);
			runOnlyForDeploymentPostprocessing = 0;
			shellPath = /bin/sh;
			shellScript = "\"${SRCROOT}/Pods/Target Support Files/Pods-WeatherApp/Pods-WeatherApp-resources.sh\"\n";
			showEnvVarsInLog = 0;
		};
		972CFDCFA5536A11AADE46D1 /* [CP] Embed Pods Frameworks */ = {
			isa = PBXShellScriptBuildPhase;
			buildActionMask = 2147483647;
			files = (
			);
			inputPaths = (
			);
			name = "[CP] Embed Pods Frameworks";
			outputPaths = (
			);
			runOnlyForDeploymentPostprocessing = 0;
			shellPath = /bin/sh;
			shellScript = "\"${SRCROOT}/Pods/Target Support Files/Pods-WeatherApp/Pods-WeatherApp-frameworks.sh\"\n";
			showEnvVarsInLog = 0;
		};
		A9E71C7C59089A6F39BDEB0E /* [CP] Check Pods Manifest.lock */ = {
			isa = PBXShellScriptBuildPhase;
			buildActionMask = 2147483647;
			files = (
			);
			inputPaths = (
				"${PODS_PODFILE_DIR_PATH}/Podfile.lock",
				"${PODS_ROOT}/Manifest.lock",
			);
			name = "[CP] Check Pods Manifest.lock";
			outputPaths = (
				"$(DERIVED_FILE_DIR)/Pods-WeatherApp-checkManifestLockResult.txt",
			);
			runOnlyForDeploymentPostprocessing = 0;
			shellPath = /bin/sh;
			shellScript = "diff \"${PODS_PODFILE_DIR_PATH}/Podfile.lock\" \"${PODS_ROOT}/Manifest.lock\" > /dev/null\nif [ $? != 0 ] ; then\n    # print error to STDERR\n    echo \"error: The sandbox is not in sync with the Podfile.lock. Run 'pod install' or update your CocoaPods installation.\" >&2\n    exit 1\nfi\n# This output is used by Xcode 'outputs' to avoid re-running this script phase.\necho \"SUCCESS\" > \"${SCRIPT_OUTPUT_FILE_0}\"\n";
			showEnvVarsInLog = 0;
		};
/* End PBXShellScriptBuildPhase section */

/* Begin PBXSourcesBuildPhase section */
		AB25BA2C2017647700D59347 /* Sources */ = {
			isa = PBXSourcesBuildPhase;
			buildActionMask = 2147483647;
			files = (
				AB25BA412017647700D59347 /* WeatherApp.xcdatamodeld in Sources */,
				AB25BA502018713D00D59347 /* OpenWeatherMapAPIManager.m in Sources */,
				AB48B0F82020791E00938235 /* MenuTableViewCell.m in Sources */,
				AB25BA3B2017647700D59347 /* ViewController.m in Sources */,
				AB48B0F1201F5EFE00938235 /* SWRevealViewController.m in Sources */,
				AB25BA382017647700D59347 /* AppDelegate.m in Sources */,
				AB25BA352017647700D59347 /* main.m in Sources */,
				AB25BA5A2018CF2F00D59347 /* Utils.m in Sources */,
				AB48B0F4201F677300938235 /* SidebarTableViewController.m in Sources */,
				AB25BA572018869400D59347 /* LocationInfo.m in Sources */,
			);
			runOnlyForDeploymentPostprocessing = 0;
		};
/* End PBXSourcesBuildPhase section */

/* Begin PBXVariantGroup section */
		AB25BA3C2017647700D59347 /* Main.storyboard */ = {
			isa = PBXVariantGroup;
			children = (
				AB25BA3D2017647700D59347 /* Base */,
			);
			name = Main.storyboard;
			sourceTree = "<group>";
		};
		AB25BA442017647700D59347 /* LaunchScreen.storyboard */ = {
			isa = PBXVariantGroup;
			children = (
				AB25BA452017647700D59347 /* Base */,
			);
			name = LaunchScreen.storyboard;
			sourceTree = "<group>";
		};
/* End PBXVariantGroup section */

/* Begin XCBuildConfiguration section */
		AB25BA482017647700D59347 /* Debug */ = {
			isa = XCBuildConfiguration;
			buildSettings = {
				ALWAYS_SEARCH_USER_PATHS = NO;
				CLANG_ANALYZER_NONNULL = YES;
				CLANG_ANALYZER_NUMBER_OBJECT_CONVERSION = YES_AGGRESSIVE;
				CLANG_CXX_LANGUAGE_STANDARD = "gnu++0x";
				CLANG_CXX_LIBRARY = "libc++";
				CLANG_ENABLE_MODULES = YES;
				CLANG_ENABLE_OBJC_ARC = YES;
				CLANG_WARN_BOOL_CONVERSION = YES;
				CLANG_WARN_CONSTANT_CONVERSION = YES;
				CLANG_WARN_DIRECT_OBJC_ISA_USAGE = YES_ERROR;
				CLANG_WARN_DOCUMENTATION_COMMENTS = YES;
				CLANG_WARN_EMPTY_BODY = YES;
				CLANG_WARN_ENUM_CONVERSION = YES;
				CLANG_WARN_INFINITE_RECURSION = YES;
				CLANG_WARN_INT_CONVERSION = YES;
				CLANG_WARN_OBJC_ROOT_CLASS = YES_ERROR;
				CLANG_WARN_SUSPICIOUS_MOVE = YES;
				CLANG_WARN_UNREACHABLE_CODE = YES;
				CLANG_WARN__DUPLICATE_METHOD_MATCH = YES;
				"CODE_SIGN_IDENTITY[sdk=iphoneos*]" = "iPhone Developer";
				COPY_PHASE_STRIP = NO;
				DEBUG_INFORMATION_FORMAT = dwarf;
				ENABLE_STRICT_OBJC_MSGSEND = YES;
				ENABLE_TESTABILITY = YES;
				GCC_C_LANGUAGE_STANDARD = gnu99;
				GCC_DYNAMIC_NO_PIC = NO;
				GCC_NO_COMMON_BLOCKS = YES;
				GCC_OPTIMIZATION_LEVEL = 0;
				GCC_PREPROCESSOR_DEFINITIONS = (
					"DEBUG=1",
					"$(inherited)",
				);
				GCC_WARN_64_TO_32_BIT_CONVERSION = YES;
				GCC_WARN_ABOUT_RETURN_TYPE = YES_ERROR;
				GCC_WARN_UNDECLARED_SELECTOR = YES;
				GCC_WARN_UNINITIALIZED_AUTOS = YES_AGGRESSIVE;
				GCC_WARN_UNUSED_FUNCTION = YES;
				GCC_WARN_UNUSED_VARIABLE = YES;
				IPHONEOS_DEPLOYMENT_TARGET = 10.3;
				MTL_ENABLE_DEBUG_INFO = YES;
				ONLY_ACTIVE_ARCH = YES;
				SDKROOT = iphoneos;
				TARGETED_DEVICE_FAMILY = "1,2";
			};
			name = Debug;
		};
		AB25BA492017647700D59347 /* Release */ = {
			isa = XCBuildConfiguration;
			buildSettings = {
				ALWAYS_SEARCH_USER_PATHS = NO;
				CLANG_ANALYZER_NONNULL = YES;
				CLANG_ANALYZER_NUMBER_OBJECT_CONVERSION = YES_AGGRESSIVE;
				CLANG_CXX_LANGUAGE_STANDARD = "gnu++0x";
				CLANG_CXX_LIBRARY = "libc++";
				CLANG_ENABLE_MODULES = YES;
				CLANG_ENABLE_OBJC_ARC = YES;
				CLANG_WARN_BOOL_CONVERSION = YES;
				CLANG_WARN_CONSTANT_CONVERSION = YES;
				CLANG_WARN_DIRECT_OBJC_ISA_USAGE = YES_ERROR;
				CLANG_WARN_DOCUMENTATION_COMMENTS = YES;
				CLANG_WARN_EMPTY_BODY = YES;
				CLANG_WARN_ENUM_CONVERSION = YES;
				CLANG_WARN_INFINITE_RECURSION = YES;
				CLANG_WARN_INT_CONVERSION = YES;
				CLANG_WARN_OBJC_ROOT_CLASS = YES_ERROR;
				CLANG_WARN_SUSPICIOUS_MOVE = YES;
				CLANG_WARN_UNREACHABLE_CODE = YES;
				CLANG_WARN__DUPLICATE_METHOD_MATCH = YES;
				"CODE_SIGN_IDENTITY[sdk=iphoneos*]" = "iPhone Developer";
				COPY_PHASE_STRIP = NO;
				DEBUG_INFORMATION_FORMAT = "dwarf-with-dsym";
				ENABLE_NS_ASSERTIONS = NO;
				ENABLE_STRICT_OBJC_MSGSEND = YES;
				GCC_C_LANGUAGE_STANDARD = gnu99;
				GCC_NO_COMMON_BLOCKS = YES;
				GCC_WARN_64_TO_32_BIT_CONVERSION = YES;
				GCC_WARN_ABOUT_RETURN_TYPE = YES_ERROR;
				GCC_WARN_UNDECLARED_SELECTOR = YES;
				GCC_WARN_UNINITIALIZED_AUTOS = YES_AGGRESSIVE;
				GCC_WARN_UNUSED_FUNCTION = YES;
				GCC_WARN_UNUSED_VARIABLE = YES;
				IPHONEOS_DEPLOYMENT_TARGET = 10.3;
				MTL_ENABLE_DEBUG_INFO = NO;
				SDKROOT = iphoneos;
				TARGETED_DEVICE_FAMILY = "1,2";
				VALIDATE_PRODUCT = YES;
			};
			name = Release;
		};
		AB25BA4B2017647700D59347 /* Debug */ = {
			isa = XCBuildConfiguration;
			baseConfigurationReference = 293432A4B33BFAF36F965C98 /* Pods-WeatherApp.debug.xcconfig */;
			buildSettings = {
				ASSETCATALOG_COMPILER_APPICON_NAME = AppIcon;
				DEVELOPMENT_TEAM = 42V7DCQUR8;
				INFOPLIST_FILE = WeatherApp/Info.plist;
				LD_RUNPATH_SEARCH_PATHS = "$(inherited) @executable_path/Frameworks";
				PRODUCT_BUNDLE_IDENTIFIER = com.NikitaVotyakov.WeatherApp;
				PRODUCT_NAME = "$(TARGET_NAME)";
			};
			name = Debug;
		};
		AB25BA4C2017647700D59347 /* Release */ = {
			isa = XCBuildConfiguration;
			baseConfigurationReference = 4F08F29D1F5368B1C6999D3B /* Pods-WeatherApp.release.xcconfig */;
			buildSettings = {
				ASSETCATALOG_COMPILER_APPICON_NAME = AppIcon;
				DEVELOPMENT_TEAM = 42V7DCQUR8;
				INFOPLIST_FILE = WeatherApp/Info.plist;
				LD_RUNPATH_SEARCH_PATHS = "$(inherited) @executable_path/Frameworks";
				PRODUCT_BUNDLE_IDENTIFIER = com.NikitaVotyakov.WeatherApp;
				PRODUCT_NAME = "$(TARGET_NAME)";
			};
			name = Release;
		};
/* End XCBuildConfiguration section */

/* Begin XCConfigurationList section */
		AB25BA2B2017647600D59347 /* Build configuration list for PBXProject "WeatherApp" */ = {
			isa = XCConfigurationList;
			buildConfigurations = (
				AB25BA482017647700D59347 /* Debug */,
				AB25BA492017647700D59347 /* Release */,
			);
			defaultConfigurationIsVisible = 0;
			defaultConfigurationName = Release;
		};
		AB25BA4A2017647700D59347 /* Build configuration list for PBXNativeTarget "WeatherApp" */ = {
			isa = XCConfigurationList;
			buildConfigurations = (
				AB25BA4B2017647700D59347 /* Debug */,
				AB25BA4C2017647700D59347 /* Release */,
			);
			defaultConfigurationIsVisible = 0;
			defaultConfigurationName = Release;
		};
/* End XCConfigurationList section */

/* Begin XCVersionGroup section */
		AB25BA3F2017647700D59347 /* WeatherApp.xcdatamodeld */ = {
			isa = XCVersionGroup;
			children = (
				AB25BA402017647700D59347 /* WeatherApp.xcdatamodel */,
			);
			currentVersion = AB25BA402017647700D59347 /* WeatherApp.xcdatamodel */;
			path = WeatherApp.xcdatamodeld;
			sourceTree = "<group>";
			versionGroupType = wrapper.xcdatamodel;
		};
/* End XCVersionGroup section */
	};
	rootObject = AB25BA282017647600D59347 /* Project object */;
}
